
Microsoft Visual Studio Solution File, Format Version 12.00
# Visual Studio Version 17
VisualStudioVersion = 17.8.34330.188
MinimumVisualStudioVersion = 10.0.40219.1
Project("{FAE04EC0-301F-11D3-BF4B-00C04F79EFBC}") = "RepositoryPattern_Postgresql", "RepositoryPattern_Postgresql\RepositoryPattern_Postgresql.csproj", "{E5A3B01A-64F5-4DB4-B0B8-5C5758CBD126}"
EndProject
Project("{FAE04EC0-301F-11D3-BF4B-00C04F79EFBC}") = "Repository", "Repository\Repository.csproj", "{08A4859A-B476-4318-8093-6CD2EC23EB15}"
EndProject
Global
	GlobalSection(SolutionConfigurationPlatforms) = preSolution
		Debug|Any CPU = Debug|Any CPU
		Release|Any CPU = Release|Any CPU
	EndGlobalSection
	GlobalSection(ProjectConfigurationPlatforms) = postSolution
		{E5A3B01A-64F5-4DB4-B0B8-5C5758CBD126}.Debug|Any CPU.ActiveCfg = Debug|Any CPU
		{E5A3B01A-64F5-4DB4-B0B8-5C5758CBD126}.Debug|Any CPU.Build.0 = Debug|Any CPU
		{E5A3B01A-64F5-4DB4-B0B8-5C5758CBD126}.Release|Any CPU.ActiveCfg = Release|Any CPU
		{E5A3B01A-64F5-4DB4-B0B8-5C5758CBD126}.Release|Any CPU.Build.0 = Release|Any CPU
		{08A4859A-B476-4318-8093-6CD2EC23EB15}.Debug|Any CPU.ActiveCfg = Debug|Any CPU
		{08A4859A-B476-4318-8093-6CD2EC23EB15}.Debug|Any CPU.Build.0 = Debug|Any CPU
		{08A4859A-B476-4318-8093-6CD2EC23EB15}.Release|Any CPU.ActiveCfg = Release|Any CPU
		{08A4859A-B476-4318-8093-6CD2EC23EB15}.Release|Any CPU.Build.0 = Release|Any CPU
	EndGlobalSection
	GlobalSection(SolutionProperties) = preSolution
		HideSolutionNode = FALSE
	EndGlobalSection
	GlobalSection(ExtensibilityGlobals) = postSolution
		SolutionGuid = {327CD7D4-EEA6-4E38-8CB2-F06721FC4F65}
	EndGlobalSection
EndGlobal
